// !$*UTF8*$!
{
	archiveVersion = 1;
	classes = {
	};
	objectVersion = 46;
	objects = {

/* Begin PBXBuildFile section */
		381DD3981F6FF81A00459DF3 /* GMSMapView.swift in Sources */ = {isa = PBXBuildFile; fileRef = 381DD3971F6FF81A00459DF3 /* GMSMapView.swift */; };
		384A63FF1F6D68840084E866 /* CustomLocationManager.swift in Sources */ = {isa = PBXBuildFile; fileRef = 384A63FE1F6D68840084E866 /* CustomLocationManager.swift */; };
		384A64011F6D6B9A0084E866 /* UIAlertController.swift in Sources */ = {isa = PBXBuildFile; fileRef = 384A64001F6D6B9A0084E866 /* UIAlertController.swift */; };
		384A64031F6D757D0084E866 /* CLLocationCoordinate2D.swift in Sources */ = {isa = PBXBuildFile; fileRef = 384A64021F6D757D0084E866 /* CLLocationCoordinate2D.swift */; };
		384A64051F6D75A70084E866 /* Geocoding.swift in Sources */ = {isa = PBXBuildFile; fileRef = 384A64041F6D75A70084E866 /* Geocoding.swift */; };
		384A64091F6D76D10084E866 /* BaseRequest.swift in Sources */ = {isa = PBXBuildFile; fileRef = 384A64081F6D76D10084E866 /* BaseRequest.swift */; };
		384A640B1F6D76F00084E866 /* GeocodingRequest.swift in Sources */ = {isa = PBXBuildFile; fileRef = 384A640A1F6D76F00084E866 /* GeocodingRequest.swift */; };
		384E4E411F6E85A20002B734 /* PersistentLocation+CoreDataClass.swift in Sources */ = {isa = PBXBuildFile; fileRef = 384E4E3D1F6E85A20002B734 /* PersistentLocation+CoreDataClass.swift */; };
		384E4E421F6E85A20002B734 /* PersistentLocation+CoreDataProperties.swift in Sources */ = {isa = PBXBuildFile; fileRef = 384E4E3E1F6E85A20002B734 /* PersistentLocation+CoreDataProperties.swift */; };
		384E4E431F6E85A20002B734 /* PersistentCoordinate+CoreDataClass.swift in Sources */ = {isa = PBXBuildFile; fileRef = 384E4E3F1F6E85A20002B734 /* PersistentCoordinate+CoreDataClass.swift */; };
		384E4E441F6E85A20002B734 /* PersistentCoordinate+CoreDataProperties.swift in Sources */ = {isa = PBXBuildFile; fileRef = 384E4E401F6E85A20002B734 /* PersistentCoordinate+CoreDataProperties.swift */; };
		384E4E461F6EAA690002B734 /* GMSMarker.swift in Sources */ = {isa = PBXBuildFile; fileRef = 384E4E451F6EAA690002B734 /* GMSMarker.swift */; };
		384E4E4A1F6EACD00002B734 /* LocationTableViewController.swift in Sources */ = {isa = PBXBuildFile; fileRef = 384E4E491F6EACD00002B734 /* LocationTableViewController.swift */; };
		385E20B71F706698005CAB4F /* PrimaryViewController.swift in Sources */ = {isa = PBXBuildFile; fileRef = 385E20B51F706698005CAB4F /* PrimaryViewController.swift */; };
		385F51F51F6D5E58008B50CD /* AppDelegate.swift in Sources */ = {isa = PBXBuildFile; fileRef = 385F51F41F6D5E58008B50CD /* AppDelegate.swift */; };
		385F51FA1F6D5E58008B50CD /* Main.storyboard in Resources */ = {isa = PBXBuildFile; fileRef = 385F51F81F6D5E58008B50CD /* Main.storyboard */; };
		385F51FD1F6D5E58008B50CD /* HristoJuniorTask.xcdatamodeld in Sources */ = {isa = PBXBuildFile; fileRef = 385F51FB1F6D5E58008B50CD /* HristoJuniorTask.xcdatamodeld */; };
		385F51FF1F6D5E58008B50CD /* Assets.xcassets in Resources */ = {isa = PBXBuildFile; fileRef = 385F51FE1F6D5E58008B50CD /* Assets.xcassets */; };
		385F52021F6D5E58008B50CD /* LaunchScreen.storyboard in Resources */ = {isa = PBXBuildFile; fileRef = 385F52001F6D5E58008B50CD /* LaunchScreen.storyboard */; };
		386F07D61F6FFD2E006EF001 /* UIColor.swift in Sources */ = {isa = PBXBuildFile; fileRef = 386F07D51F6FFD2E006EF001 /* UIColor.swift */; };
		3896E4D61F6EB9C200FBC0E4 /* PersistentImage+CoreDataClass.swift in Sources */ = {isa = PBXBuildFile; fileRef = 3896E4D41F6EB9C200FBC0E4 /* PersistentImage+CoreDataClass.swift */; };
		3896E4D71F6EB9C200FBC0E4 /* PersistentImage+CoreDataProperties.swift in Sources */ = {isa = PBXBuildFile; fileRef = 3896E4D51F6EB9C200FBC0E4 /* PersistentImage+CoreDataProperties.swift */; };
		3896E4DA1F6EBA5200FBC0E4 /* ImageTableViewCell.swift in Sources */ = {isa = PBXBuildFile; fileRef = 3896E4D81F6EBA5200FBC0E4 /* ImageTableViewCell.swift */; };
		3896E4DB1F6EBA5200FBC0E4 /* ImageTableViewCell.xib in Resources */ = {isa = PBXBuildFile; fileRef = 3896E4D91F6EBA5200FBC0E4 /* ImageTableViewCell.xib */; };
		3896E4DE1F6EE08200FBC0E4 /* TextFieldTableViewCell.swift in Sources */ = {isa = PBXBuildFile; fileRef = 3896E4DC1F6EE08200FBC0E4 /* TextFieldTableViewCell.swift */; };
		3896E4DF1F6EE08200FBC0E4 /* TextFieldTableViewCell.xib in Resources */ = {isa = PBXBuildFile; fileRef = 3896E4DD1F6EE08200FBC0E4 /* TextFieldTableViewCell.xib */; };
		38CFD4971F703F3F00AEF348 /* Double.swift in Sources */ = {isa = PBXBuildFile; fileRef = 38CFD4961F703F3F00AEF348 /* Double.swift */; };
		8922FA1F578AA8A4F0D095ED /* Pods_HristoJuniorTask.framework in Frameworks */ = {isa = PBXBuildFile; fileRef = D779EAEB13233CD2A00A2781 /* Pods_HristoJuniorTask.framework */; };
/* End PBXBuildFile section */

/* Begin PBXFileReference section */
		381DD3971F6FF81A00459DF3 /* GMSMapView.swift */ = {isa = PBXFileReference; fileEncoding = 4; lastKnownFileType = sourcecode.swift; path = GMSMapView.swift; sourceTree = "<group>"; };
		384A63FE1F6D68840084E866 /* CustomLocationManager.swift */ = {isa = PBXFileReference; fileEncoding = 4; lastKnownFileType = sourcecode.swift; path = CustomLocationManager.swift; sourceTree = "<group>"; };
		384A64001F6D6B9A0084E866 /* UIAlertController.swift */ = {isa = PBXFileReference; fileEncoding = 4; lastKnownFileType = sourcecode.swift; path = UIAlertController.swift; sourceTree = "<group>"; };
		384A64021F6D757D0084E866 /* CLLocationCoordinate2D.swift */ = {isa = PBXFileReference; fileEncoding = 4; lastKnownFileType = sourcecode.swift; path = CLLocationCoordinate2D.swift; sourceTree = "<group>"; };
		384A64041F6D75A70084E866 /* Geocoding.swift */ = {isa = PBXFileReference; fileEncoding = 4; lastKnownFileType = sourcecode.swift; path = Geocoding.swift; sourceTree = "<group>"; };
		384A64081F6D76D10084E866 /* BaseRequest.swift */ = {isa = PBXFileReference; fileEncoding = 4; lastKnownFileType = sourcecode.swift; path = BaseRequest.swift; sourceTree = "<group>"; };
		384A640A1F6D76F00084E866 /* GeocodingRequest.swift */ = {isa = PBXFileReference; fileEncoding = 4; lastKnownFileType = sourcecode.swift; path = GeocodingRequest.swift; sourceTree = "<group>"; };
		384E4E3D1F6E85A20002B734 /* PersistentLocation+CoreDataClass.swift */ = {isa = PBXFileReference; fileEncoding = 4; lastKnownFileType = sourcecode.swift; path = "PersistentLocation+CoreDataClass.swift"; sourceTree = "<group>"; };
		384E4E3E1F6E85A20002B734 /* PersistentLocation+CoreDataProperties.swift */ = {isa = PBXFileReference; fileEncoding = 4; lastKnownFileType = sourcecode.swift; path = "PersistentLocation+CoreDataProperties.swift"; sourceTree = "<group>"; };
		384E4E3F1F6E85A20002B734 /* PersistentCoordinate+CoreDataClass.swift */ = {isa = PBXFileReference; fileEncoding = 4; lastKnownFileType = sourcecode.swift; path = "PersistentCoordinate+CoreDataClass.swift"; sourceTree = "<group>"; };
		384E4E401F6E85A20002B734 /* PersistentCoordinate+CoreDataProperties.swift */ = {isa = PBXFileReference; fileEncoding = 4; lastKnownFileType = sourcecode.swift; path = "PersistentCoordinate+CoreDataProperties.swift"; sourceTree = "<group>"; };
		384E4E451F6EAA690002B734 /* GMSMarker.swift */ = {isa = PBXFileReference; fileEncoding = 4; lastKnownFileType = sourcecode.swift; path = GMSMarker.swift; sourceTree = "<group>"; };
		384E4E491F6EACD00002B734 /* LocationTableViewController.swift */ = {isa = PBXFileReference; fileEncoding = 4; lastKnownFileType = sourcecode.swift; path = LocationTableViewController.swift; sourceTree = "<group>"; };
		385E20B51F706698005CAB4F /* PrimaryViewController.swift */ = {isa = PBXFileReference; fileEncoding = 4; lastKnownFileType = sourcecode.swift; path = PrimaryViewController.swift; sourceTree = "<group>"; };
		385F51F11F6D5E58008B50CD /* HristoJuniorTask.app */ = {isa = PBXFileReference; explicitFileType = wrapper.application; includeInIndex = 0; path = HristoJuniorTask.app; sourceTree = BUILT_PRODUCTS_DIR; };
		385F51F41F6D5E58008B50CD /* AppDelegate.swift */ = {isa = PBXFileReference; lastKnownFileType = sourcecode.swift; path = AppDelegate.swift; sourceTree = "<group>"; };
		385F51F91F6D5E58008B50CD /* Base */ = {isa = PBXFileReference; lastKnownFileType = file.storyboard; name = Base; path = Base.lproj/Main.storyboard; sourceTree = "<group>"; };
		385F51FC1F6D5E58008B50CD /* HristoJuniorTask.xcdatamodel */ = {isa = PBXFileReference; lastKnownFileType = wrapper.xcdatamodel; path = HristoJuniorTask.xcdatamodel; sourceTree = "<group>"; };
		385F51FE1F6D5E58008B50CD /* Assets.xcassets */ = {isa = PBXFileReference; lastKnownFileType = folder.assetcatalog; path = Assets.xcassets; sourceTree = "<group>"; };
		385F52011F6D5E58008B50CD /* Base */ = {isa = PBXFileReference; lastKnownFileType = file.storyboard; name = Base; path = Base.lproj/LaunchScreen.storyboard; sourceTree = "<group>"; };
		385F52031F6D5E58008B50CD /* Info.plist */ = {isa = PBXFileReference; lastKnownFileType = text.plist.xml; path = Info.plist; sourceTree = "<group>"; };
		386F07D51F6FFD2E006EF001 /* UIColor.swift */ = {isa = PBXFileReference; fileEncoding = 4; lastKnownFileType = sourcecode.swift; path = UIColor.swift; sourceTree = "<group>"; };
		3896E4D41F6EB9C200FBC0E4 /* PersistentImage+CoreDataClass.swift */ = {isa = PBXFileReference; fileEncoding = 4; lastKnownFileType = sourcecode.swift; path = "PersistentImage+CoreDataClass.swift"; sourceTree = "<group>"; };
		3896E4D51F6EB9C200FBC0E4 /* PersistentImage+CoreDataProperties.swift */ = {isa = PBXFileReference; fileEncoding = 4; lastKnownFileType = sourcecode.swift; path = "PersistentImage+CoreDataProperties.swift"; sourceTree = "<group>"; };
		3896E4D81F6EBA5200FBC0E4 /* ImageTableViewCell.swift */ = {isa = PBXFileReference; fileEncoding = 4; lastKnownFileType = sourcecode.swift; path = ImageTableViewCell.swift; sourceTree = "<group>"; };
		3896E4D91F6EBA5200FBC0E4 /* ImageTableViewCell.xib */ = {isa = PBXFileReference; fileEncoding = 4; lastKnownFileType = file.xib; path = ImageTableViewCell.xib; sourceTree = "<group>"; };
		3896E4DC1F6EE08200FBC0E4 /* TextFieldTableViewCell.swift */ = {isa = PBXFileReference; fileEncoding = 4; lastKnownFileType = sourcecode.swift; path = TextFieldTableViewCell.swift; sourceTree = "<group>"; };
		3896E4DD1F6EE08200FBC0E4 /* TextFieldTableViewCell.xib */ = {isa = PBXFileReference; fileEncoding = 4; lastKnownFileType = file.xib; path = TextFieldTableViewCell.xib; sourceTree = "<group>"; };
		38CFD4961F703F3F00AEF348 /* Double.swift */ = {isa = PBXFileReference; fileEncoding = 4; lastKnownFileType = sourcecode.swift; path = Double.swift; sourceTree = "<group>"; };
		8EE8C3A05F04A6405179CFF9 /* Pods-HristoJuniorTask.debug.xcconfig */ = {isa = PBXFileReference; includeInIndex = 1; lastKnownFileType = text.xcconfig; name = "Pods-HristoJuniorTask.debug.xcconfig"; path = "Pods/Target Support Files/Pods-HristoJuniorTask/Pods-HristoJuniorTask.debug.xcconfig"; sourceTree = "<group>"; };
		D779EAEB13233CD2A00A2781 /* Pods_HristoJuniorTask.framework */ = {isa = PBXFileReference; explicitFileType = wrapper.framework; includeInIndex = 0; path = Pods_HristoJuniorTask.framework; sourceTree = BUILT_PRODUCTS_DIR; };
		FBD02D4FA6F86A4AAEE42578 /* Pods-HristoJuniorTask.release.xcconfig */ = {isa = PBXFileReference; includeInIndex = 1; lastKnownFileType = text.xcconfig; name = "Pods-HristoJuniorTask.release.xcconfig"; path = "Pods/Target Support Files/Pods-HristoJuniorTask/Pods-HristoJuniorTask.release.xcconfig"; sourceTree = "<group>"; };
/* End PBXFileReference section */

/* Begin PBXFrameworksBuildPhase section */
		385F51EE1F6D5E58008B50CD /* Frameworks */ = {
			isa = PBXFrameworksBuildPhase;
			buildActionMask = 2147483647;
			files = (
				8922FA1F578AA8A4F0D095ED /* Pods_HristoJuniorTask.framework in Frameworks */,
			);
			runOnlyForDeploymentPostprocessing = 0;
		};
/* End PBXFrameworksBuildPhase section */

/* Begin PBXGroup section */
		384A64061F6D76330084E866 /* Standard Library Extensions */ = {
			isa = PBXGroup;
			children = (
				384A64021F6D757D0084E866 /* CLLocationCoordinate2D.swift */,
				38CFD4961F703F3F00AEF348 /* Double.swift */,
				381DD3971F6FF81A00459DF3 /* GMSMapView.swift */,
				384E4E451F6EAA690002B734 /* GMSMarker.swift */,
				384A64001F6D6B9A0084E866 /* UIAlertController.swift */,
				386F07D51F6FFD2E006EF001 /* UIColor.swift */,
			);
			name = "Standard Library Extensions";
			sourceTree = "<group>";
		};
		384A64071F6D76C00084E866 /* Networking */ = {
			isa = PBXGroup;
			children = (
				384A64081F6D76D10084E866 /* BaseRequest.swift */,
				384A640A1F6D76F00084E866 /* GeocodingRequest.swift */,
				384A64041F6D75A70084E866 /* Geocoding.swift */,
			);
			name = Networking;
			sourceTree = "<group>";
		};
		384E4E3A1F6E85700002B734 /* Persistent Storage */ = {
			isa = PBXGroup;
			children = (
				384E4E3C1F6E858D0002B734 /* CoreData */,
			);
			name = "Persistent Storage";
			sourceTree = "<group>";
		};
		384E4E3B1F6E85820002B734 /* Location */ = {
			isa = PBXGroup;
			children = (
				384A63FE1F6D68840084E866 /* CustomLocationManager.swift */,
			);
			name = Location;
			sourceTree = "<group>";
		};
		384E4E3C1F6E858D0002B734 /* CoreData */ = {
			isa = PBXGroup;
			children = (
				385F51FB1F6D5E58008B50CD /* HristoJuniorTask.xcdatamodeld */,
				384E4E3F1F6E85A20002B734 /* PersistentCoordinate+CoreDataClass.swift */,
				384E4E401F6E85A20002B734 /* PersistentCoordinate+CoreDataProperties.swift */,
				3896E4D41F6EB9C200FBC0E4 /* PersistentImage+CoreDataClass.swift */,
				3896E4D51F6EB9C200FBC0E4 /* PersistentImage+CoreDataProperties.swift */,
				384E4E3D1F6E85A20002B734 /* PersistentLocation+CoreDataClass.swift */,
				384E4E3E1F6E85A20002B734 /* PersistentLocation+CoreDataProperties.swift */,
			);
			name = CoreData;
			sourceTree = "<group>";
		};
		385F51E81F6D5E58008B50CD = {
			isa = PBXGroup;
			children = (
				385F51F31F6D5E58008B50CD /* HristoJuniorTask */,
				385F51F21F6D5E58008B50CD /* Products */,
				5A90466D2987C3EA5218CCC0 /* Pods */,
				416AB8ED96246CB1ED6524A6 /* Frameworks */,
			);
			sourceTree = "<group>";
		};
		385F51F21F6D5E58008B50CD /* Products */ = {
			isa = PBXGroup;
			children = (
				385F51F11F6D5E58008B50CD /* HristoJuniorTask.app */,
			);
			name = Products;
			sourceTree = "<group>";
		};
		385F51F31F6D5E58008B50CD /* HristoJuniorTask */ = {
			isa = PBXGroup;
			children = (
				385F51F41F6D5E58008B50CD /* AppDelegate.swift */,
				385F52031F6D5E58008B50CD /* Info.plist */,
				385F52091F6D5F50008B50CD /* Models */,
				385F520A1F6D5F5B008B50CD /* Views */,
				385F520B1F6D5F69008B50CD /* Controllers */,
			);
			path = HristoJuniorTask;
			sourceTree = "<group>";
		};
		385F52091F6D5F50008B50CD /* Models */ = {
			isa = PBXGroup;
			children = (
				384E4E3A1F6E85700002B734 /* Persistent Storage */,
				384E4E3B1F6E85820002B734 /* Location */,
				384A64071F6D76C00084E866 /* Networking */,
				384A64061F6D76330084E866 /* Standard Library Extensions */,
			);
			name = Models;
			sourceTree = "<group>";
		};
		385F520A1F6D5F5B008B50CD /* Views */ = {
			isa = PBXGroup;
			children = (
				385F52001F6D5E58008B50CD /* LaunchScreen.storyboard */,
				385F51F81F6D5E58008B50CD /* Main.storyboard */,
				385F51FE1F6D5E58008B50CD /* Assets.xcassets */,
				3896E4D81F6EBA5200FBC0E4 /* ImageTableViewCell.swift */,
				3896E4D91F6EBA5200FBC0E4 /* ImageTableViewCell.xib */,
				3896E4DC1F6EE08200FBC0E4 /* TextFieldTableViewCell.swift */,
				3896E4DD1F6EE08200FBC0E4 /* TextFieldTableViewCell.xib */,
			);
			name = Views;
			sourceTree = "<group>";
		};
		385F520B1F6D5F69008B50CD /* Controllers */ = {
			isa = PBXGroup;
			children = (
				385E20B51F706698005CAB4F /* PrimaryViewController.swift */,
				384E4E491F6EACD00002B734 /* LocationTableViewController.swift */,
			);
			name = Controllers;
			sourceTree = "<group>";
		};
		416AB8ED96246CB1ED6524A6 /* Frameworks */ = {
			isa = PBXGroup;
			children = (
				D779EAEB13233CD2A00A2781 /* Pods_HristoJuniorTask.framework */,
			);
			name = Frameworks;
			sourceTree = "<group>";
		};
		5A90466D2987C3EA5218CCC0 /* Pods */ = {
			isa = PBXGroup;
			children = (
				8EE8C3A05F04A6405179CFF9 /* Pods-HristoJuniorTask.debug.xcconfig */,
				FBD02D4FA6F86A4AAEE42578 /* Pods-HristoJuniorTask.release.xcconfig */,
			);
			name = Pods;
			sourceTree = "<group>";
		};
/* End PBXGroup section */

/* Begin PBXNativeTarget section */
		385F51F01F6D5E58008B50CD /* HristoJuniorTask */ = {
			isa = PBXNativeTarget;
			buildConfigurationList = 385F52061F6D5E58008B50CD /* Build configuration list for PBXNativeTarget "HristoJuniorTask" */;
			buildPhases = (
				F4C2A8115ADEB3A7DE2C961A /* [CP] Check Pods Manifest.lock */,
				385F51ED1F6D5E58008B50CD /* Sources */,
				385F51EE1F6D5E58008B50CD /* Frameworks */,
				385F51EF1F6D5E58008B50CD /* Resources */,
				598D0F46FFCFDCF64C452D9A /* [CP] Embed Pods Frameworks */,
				466F7500C6EC5BB04E3693BF /* [CP] Copy Pods Resources */,
			);
			buildRules = (
			);
			dependencies = (
			);
			name = HristoJuniorTask;
			productName = HristoJuniorTask;
			productReference = 385F51F11F6D5E58008B50CD /* HristoJuniorTask.app */;
			productType = "com.apple.product-type.application";
		};
/* End PBXNativeTarget section */

/* Begin PBXProject section */
		385F51E91F6D5E58008B50CD /* Project object */ = {
			isa = PBXProject;
			attributes = {
				LastSwiftUpdateCheck = 0830;
				LastUpgradeCheck = 0830;
				ORGANIZATIONNAME = allterco;
				TargetAttributes = {
					385F51F01F6D5E58008B50CD = {
						CreatedOnToolsVersion = 8.3.3;
						ProvisioningStyle = Automatic;
					};
				};
			};
			buildConfigurationList = 385F51EC1F6D5E58008B50CD /* Build configuration list for PBXProject "HristoJuniorTask" */;
			compatibilityVersion = "Xcode 3.2";
			developmentRegion = English;
			hasScannedForEncodings = 0;
			knownRegions = (
				en,
				Base,
			);
			mainGroup = 385F51E81F6D5E58008B50CD;
			productRefGroup = 385F51F21F6D5E58008B50CD /* Products */;
			projectDirPath = "";
			projectRoot = "";
			targets = (
				385F51F01F6D5E58008B50CD /* HristoJuniorTask */,
			);
		};
/* End PBXProject section */

/* Begin PBXResourcesBuildPhase section */
		385F51EF1F6D5E58008B50CD /* Resources */ = {
			isa = PBXResourcesBuildPhase;
			buildActionMask = 2147483647;
			files = (
				385F52021F6D5E58008B50CD /* LaunchScreen.storyboard in Resources */,
				3896E4DB1F6EBA5200FBC0E4 /* ImageTableViewCell.xib in Resources */,
				3896E4DF1F6EE08200FBC0E4 /* TextFieldTableViewCell.xib in Resources */,
				385F51FF1F6D5E58008B50CD /* Assets.xcassets in Resources */,
				385F51FA1F6D5E58008B50CD /* Main.storyboard in Resources */,
			);
			runOnlyForDeploymentPostprocessing = 0;
		};
/* End PBXResourcesBuildPhase section */

/* Begin PBXShellScriptBuildPhase section */
		466F7500C6EC5BB04E3693BF /* [CP] Copy Pods Resources */ = {
			isa = PBXShellScriptBuildPhase;
			buildActionMask = 2147483647;
			files = (
			);
			inputPaths = (
				"${SRCROOT}/Pods/Target Support Files/Pods-HristoJuniorTask/Pods-HristoJuniorTask-resources.sh",
				"${PODS_ROOT}/GoogleMaps/Maps/Frameworks/GoogleMaps.framework/Resources/GoogleMaps.bundle",
			);
			name = "[CP] Copy Pods Resources";
			outputPaths = (
				"${TARGET_BUILD_DIR}/${UNLOCALIZED_RESOURCES_FOLDER_PATH}",
			);
			runOnlyForDeploymentPostprocessing = 0;
			shellPath = /bin/sh;
			shellScript = "\"${SRCROOT}/Pods/Target Support Files/Pods-HristoJuniorTask/Pods-HristoJuniorTask-resources.sh\"\n";
			showEnvVarsInLog = 0;
		};
		598D0F46FFCFDCF64C452D9A /* [CP] Embed Pods Frameworks */ = {
			isa = PBXShellScriptBuildPhase;
			buildActionMask = 2147483647;
			files = (
			);
			inputPaths = (
				"${SRCROOT}/Pods/Target Support Files/Pods-HristoJuniorTask/Pods-HristoJuniorTask-frameworks.sh",
				"${BUILT_PRODUCTS_DIR}/Alamofire/Alamofire.framework",
				"${BUILT_PRODUCTS_DIR}/AlamofireObjectMapper/AlamofireObjectMapper.framework",
				"${BUILT_PRODUCTS_DIR}/ObjectMapper/ObjectMapper.framework",
				"${BUILT_PRODUCTS_DIR}/Pulley/Pulley.framework",
			);
			name = "[CP] Embed Pods Frameworks";
			outputPaths = (
				"${TARGET_BUILD_DIR}/${FRAMEWORKS_FOLDER_PATH}/Alamofire.framework",
				"${TARGET_BUILD_DIR}/${FRAMEWORKS_FOLDER_PATH}/AlamofireObjectMapper.framework",
				"${TARGET_BUILD_DIR}/${FRAMEWORKS_FOLDER_PATH}/ObjectMapper.framework",
				"${TARGET_BUILD_DIR}/${FRAMEWORKS_FOLDER_PATH}/Pulley.framework",
			);
			runOnlyForDeploymentPostprocessing = 0;
			shellPath = /bin/sh;
			shellScript = "\"${SRCROOT}/Pods/Target Support Files/Pods-HristoJuniorTask/Pods-HristoJuniorTask-frameworks.sh\"\n";
			showEnvVarsInLog = 0;
		};
		F4C2A8115ADEB3A7DE2C961A /* [CP] Check Pods Manifest.lock */ = {
			isa = PBXShellScriptBuildPhase;
			buildActionMask = 2147483647;
			files = (
			);
			inputPaths = (
				"${PODS_PODFILE_DIR_PATH}/Podfile.lock",
				"${PODS_ROOT}/Manifest.lock",
			);
			name = "[CP] Check Pods Manifest.lock";
			outputPaths = (
				"$(DERIVED_FILE_DIR)/Pods-HristoJuniorTask-checkManifestLockResult.txt",
			);
			runOnlyForDeploymentPostprocessing = 0;
			shellPath = /bin/sh;
			shellScript = "diff \"${PODS_PODFILE_DIR_PATH}/Podfile.lock\" \"${PODS_ROOT}/Manifest.lock\" > /dev/null\nif [ $? != 0 ] ; then\n    # print error to STDERR\n    echo \"error: The sandbox is not in sync with the Podfile.lock. Run 'pod install' or update your CocoaPods installation.\" >&2\n    exit 1\nfi\n# This output is used by Xcode 'outputs' to avoid re-running this script phase.\necho \"SUCCESS\" > \"${SCRIPT_OUTPUT_FILE_0}\"\n";
			showEnvVarsInLog = 0;
		};
/* End PBXShellScriptBuildPhase section */

/* Begin PBXSourcesBuildPhase section */
		385F51ED1F6D5E58008B50CD /* Sources */ = {
			isa = PBXSourcesBuildPhase;
			buildActionMask = 2147483647;
			files = (
				384E4E4A1F6EACD00002B734 /* LocationTableViewController.swift in Sources */,
				386F07D61F6FFD2E006EF001 /* UIColor.swift in Sources */,
				384A64091F6D76D10084E866 /* BaseRequest.swift in Sources */,
				384A640B1F6D76F00084E866 /* GeocodingRequest.swift in Sources */,
				381DD3981F6FF81A00459DF3 /* GMSMapView.swift in Sources */,
				3896E4DA1F6EBA5200FBC0E4 /* ImageTableViewCell.swift in Sources */,
				385E20B71F706698005CAB4F /* PrimaryViewController.swift in Sources */,
				384A64011F6D6B9A0084E866 /* UIAlertController.swift in Sources */,
				3896E4D71F6EB9C200FBC0E4 /* PersistentImage+CoreDataProperties.swift in Sources */,
				384A64031F6D757D0084E866 /* CLLocationCoordinate2D.swift in Sources */,
				384E4E431F6E85A20002B734 /* PersistentCoordinate+CoreDataClass.swift in Sources */,
				3896E4D61F6EB9C200FBC0E4 /* PersistentImage+CoreDataClass.swift in Sources */,
				384E4E421F6E85A20002B734 /* PersistentLocation+CoreDataProperties.swift in Sources */,
				384A63FF1F6D68840084E866 /* CustomLocationManager.swift in Sources */,
				385F51F51F6D5E58008B50CD /* AppDelegate.swift in Sources */,
				384E4E411F6E85A20002B734 /* PersistentLocation+CoreDataClass.swift in Sources */,
				384A64051F6D75A70084E866 /* Geocoding.swift in Sources */,
				385F51FD1F6D5E58008B50CD /* HristoJuniorTask.xcdatamodeld in Sources */,
				384E4E441F6E85A20002B734 /* PersistentCoordinate+CoreDataProperties.swift in Sources */,
				384E4E461F6EAA690002B734 /* GMSMarker.swift in Sources */,
				38CFD4971F703F3F00AEF348 /* Double.swift in Sources */,
				3896E4DE1F6EE08200FBC0E4 /* TextFieldTableViewCell.swift in Sources */,
			);
			runOnlyForDeploymentPostprocessing = 0;
		};
/* End PBXSourcesBuildPhase section */

/* Begin PBXVariantGroup section */
		385F51F81F6D5E58008B50CD /* Main.storyboard */ = {
			isa = PBXVariantGroup;
			children = (
				385F51F91F6D5E58008B50CD /* Base */,
			);
			name = Main.storyboard;
			sourceTree = "<group>";
		};
		385F52001F6D5E58008B50CD /* LaunchScreen.storyboard */ = {
			isa = PBXVariantGroup;
			children = (
				385F52011F6D5E58008B50CD /* Base */,
			);
			name = LaunchScreen.storyboard;
			sourceTree = "<group>";
		};
/* End PBXVariantGroup section */

/* Begin XCBuildConfiguration section */
		385F52041F6D5E58008B50CD /* Debug */ = {
			isa = XCBuildConfiguration;
			buildSettings = {
				ALWAYS_SEARCH_USER_PATHS = NO;
				CLANG_ANALYZER_NONNULL = YES;
				CLANG_ANALYZER_NUMBER_OBJECT_CONVERSION = YES_AGGRESSIVE;
				CLANG_CXX_LANGUAGE_STANDARD = "gnu++0x";
				CLANG_CXX_LIBRARY = "libc++";
				CLANG_ENABLE_MODULES = YES;
				CLANG_ENABLE_OBJC_ARC = YES;
				CLANG_WARN_BOOL_CONVERSION = YES;
				CLANG_WARN_CONSTANT_CONVERSION = YES;
				CLANG_WARN_DIRECT_OBJC_ISA_USAGE = YES_ERROR;
				CLANG_WARN_DOCUMENTATION_COMMENTS = YES;
				CLANG_WARN_EMPTY_BODY = YES;
				CLANG_WARN_ENUM_CONVERSION = YES;
				CLANG_WARN_INFINITE_RECURSION = YES;
				CLANG_WARN_INT_CONVERSION = YES;
				CLANG_WARN_OBJC_ROOT_CLASS = YES_ERROR;
				CLANG_WARN_SUSPICIOUS_MOVE = YES;
				CLANG_WARN_UNREACHABLE_CODE = YES;
				CLANG_WARN__DUPLICATE_METHOD_MATCH = YES;
				"CODE_SIGN_IDENTITY[sdk=iphoneos*]" = "iPhone Developer";
				COPY_PHASE_STRIP = NO;
				DEBUG_INFORMATION_FORMAT = dwarf;
				ENABLE_STRICT_OBJC_MSGSEND = YES;
				ENABLE_TESTABILITY = YES;
				GCC_C_LANGUAGE_STANDARD = gnu99;
				GCC_DYNAMIC_NO_PIC = NO;
				GCC_NO_COMMON_BLOCKS = YES;
				GCC_OPTIMIZATION_LEVEL = 0;
				GCC_PREPROCESSOR_DEFINITIONS = (
					"DEBUG=1",
					"$(inherited)",
				);
				GCC_WARN_64_TO_32_BIT_CONVERSION = YES;
				GCC_WARN_ABOUT_RETURN_TYPE = YES_ERROR;
				GCC_WARN_UNDECLARED_SELECTOR = YES;
				GCC_WARN_UNINITIALIZED_AUTOS = YES_AGGRESSIVE;
				GCC_WARN_UNUSED_FUNCTION = YES;
				GCC_WARN_UNUSED_VARIABLE = YES;
				IPHONEOS_DEPLOYMENT_TARGET = 10.0;
				MTL_ENABLE_DEBUG_INFO = YES;
				ONLY_ACTIVE_ARCH = YES;
				SDKROOT = iphoneos;
				SWIFT_ACTIVE_COMPILATION_CONDITIONS = DEBUG;
				SWIFT_OPTIMIZATION_LEVEL = "-Onone";
				TARGETED_DEVICE_FAMILY = "1,2";
			};
			name = Debug;
		};
		385F52051F6D5E58008B50CD /* Release */ = {
			isa = XCBuildConfiguration;
			buildSettings = {
				ALWAYS_SEARCH_USER_PATHS = NO;
				CLANG_ANALYZER_NONNULL = YES;
				CLANG_ANALYZER_NUMBER_OBJECT_CONVERSION = YES_AGGRESSIVE;
				CLANG_CXX_LANGUAGE_STANDARD = "gnu++0x";
				CLANG_CXX_LIBRARY = "libc++";
				CLANG_ENABLE_MODULES = YES;
				CLANG_ENABLE_OBJC_ARC = YES;
				CLANG_WARN_BOOL_CONVERSION = YES;
				CLANG_WARN_CONSTANT_CONVERSION = YES;
				CLANG_WARN_DIRECT_OBJC_ISA_USAGE = YES_ERROR;
				CLANG_WARN_DOCUMENTATION_COMMENTS = YES;
				CLANG_WARN_EMPTY_BODY = YES;
				CLANG_WARN_ENUM_CONVERSION = YES;
				CLANG_WARN_INFINITE_RECURSION = YES;
				CLANG_WARN_INT_CONVERSION = YES;
				CLANG_WARN_OBJC_ROOT_CLASS = YES_ERROR;
				CLANG_WARN_SUSPICIOUS_MOVE = YES;
				CLANG_WARN_UNREACHABLE_CODE = YES;
				CLANG_WARN__DUPLICATE_METHOD_MATCH = YES;
				"CODE_SIGN_IDENTITY[sdk=iphoneos*]" = "iPhone Developer";
				COPY_PHASE_STRIP = NO;
				DEBUG_INFORMATION_FORMAT = "dwarf-with-dsym";
				ENABLE_NS_ASSERTIONS = NO;
				ENABLE_STRICT_OBJC_MSGSEND = YES;
				GCC_C_LANGUAGE_STANDARD = gnu99;
				GCC_NO_COMMON_BLOCKS = YES;
				GCC_WARN_64_TO_32_BIT_CONVERSION = YES;
				GCC_WARN_ABOUT_RETURN_TYPE = YES_ERROR;
				GCC_WARN_UNDECLARED_SELECTOR = YES;
				GCC_WARN_UNINITIALIZED_AUTOS = YES_AGGRESSIVE;
				GCC_WARN_UNUSED_FUNCTION = YES;
				GCC_WARN_UNUSED_VARIABLE = YES;
				IPHONEOS_DEPLOYMENT_TARGET = 10.0;
				MTL_ENABLE_DEBUG_INFO = NO;
				SDKROOT = iphoneos;
				SWIFT_OPTIMIZATION_LEVEL = "-Owholemodule";
				TARGETED_DEVICE_FAMILY = "1,2";
				VALIDATE_PRODUCT = YES;
			};
			name = Release;
		};
		385F52071F6D5E58008B50CD /* Debug */ = {
			isa = XCBuildConfiguration;
			baseConfigurationReference = 8EE8C3A05F04A6405179CFF9 /* Pods-HristoJuniorTask.debug.xcconfig */;
			buildSettings = {
				ASSETCATALOG_COMPILER_APPICON_NAME = AppIcon;
				DEVELOPMENT_TEAM = "";
				INFOPLIST_FILE = HristoJuniorTask/Info.plist;
				LD_RUNPATH_SEARCH_PATHS = "$(inherited) @executable_path/Frameworks";
				PRODUCT_BUNDLE_IDENTIFIER = com.allterco.HristoJuniorTask;
				PRODUCT_NAME = "$(TARGET_NAME)";
				SWIFT_VERSION = 3.0;
			};
			name = Debug;
		};
		385F52081F6D5E58008B50CD /* Release */ = {
			isa = XCBuildConfiguration;
			baseConfigurationReference = FBD02D4FA6F86A4AAEE42578 /* Pods-HristoJuniorTask.release.xcconfig */;
			buildSettings = {
				ASSETCATALOG_COMPILER_APPICON_NAME = AppIcon;
				DEVELOPMENT_TEAM = "";
				INFOPLIST_FILE = HristoJuniorTask/Info.plist;
				LD_RUNPATH_SEARCH_PATHS = "$(inherited) @executable_path/Frameworks";
				PRODUCT_BUNDLE_IDENTIFIER = com.allterco.HristoJuniorTask;
				PRODUCT_NAME = "$(TARGET_NAME)";
				SWIFT_VERSION = 3.0;
			};
			name = Release;
		};
/* End XCBuildConfiguration section */

/* Begin XCConfigurationList section */
		385F51EC1F6D5E58008B50CD /* Build configuration list for PBXProject "HristoJuniorTask" */ = {
			isa = XCConfigurationList;
			buildConfigurations = (
				385F52041F6D5E58008B50CD /* Debug */,
				385F52051F6D5E58008B50CD /* Release */,
			);
			defaultConfigurationIsVisible = 0;
			defaultConfigurationName = Release;
		};
		385F52061F6D5E58008B50CD /* Build configuration list for PBXNativeTarget "HristoJuniorTask" */ = {
			isa = XCConfigurationList;
			buildConfigurations = (
				385F52071F6D5E58008B50CD /* Debug */,
				385F52081F6D5E58008B50CD /* Release */,
			);
			defaultConfigurationIsVisible = 0;
			defaultConfigurationName = Release;
		};
/* End XCConfigurationList section */

/* Begin XCVersionGroup section */
		385F51FB1F6D5E58008B50CD /* HristoJuniorTask.xcdatamodeld */ = {
			isa = XCVersionGroup;
			children = (
				385F51FC1F6D5E58008B50CD /* HristoJuniorTask.xcdatamodel */,
			);
			currentVersion = 385F51FC1F6D5E58008B50CD /* HristoJuniorTask.xcdatamodel */;
			path = HristoJuniorTask.xcdatamodeld;
			sourceTree = "<group>";
			versionGroupType = wrapper.xcdatamodel;
		};
/* End XCVersionGroup section */
	};
	rootObject = 385F51E91F6D5E58008B50CD /* Project object */;
}
